Microsoft Visual Studio Solution File, Format Version 12.00
# Visual Studio 15
VisualStudioVersion = 15.0.26228.10
MinimumVisualStudioVersion = 15.0.26124.0
Project("{9A19103F-16F7-4668-BE54-9A1E7A4F7556}") = "CoreAlgos", "src\CoreAlgos.csproj", "{8C554CA4-518B-43E2-9BF9-C99B55421D91}"
EndProject
Project("{9A19103F-16F7-4668-BE54-9A1E7A4F7556}") = "CoreAlgos.Tests", "test\CoreAlgos.Tests.csproj", "{6165BA84-DA5E-4ED4-9ABB-4704B4407C7F}"
EndProject
Global
	GlobalSection(SolutionConfigurationPlatforms) = preSolution
		Debug|Any CPU = Debug|Any CPU
		Debug|x64 = Debug|x64
		Debug|x86 = Debug|x86
		Release|Any CPU = Release|Any CPU
		Release|x64 = Release|x64
		Release|x86 = Release|x86
	EndGlobalSection
	GlobalSection(ProjectConfigurationPlatforms) = postSolution
		{8C554CA4-518B-43E2-9BF9-C99B55421D91}.Debug|Any CPU.ActiveCfg = Debug|Any CPU
		{8C554CA4-518B-43E2-9BF9-C99B55421D91}.Debug|Any CPU.Build.0 = Debug|Any CPU
		{8C554CA4-518B-43E2-9BF9-C99B55421D91}.Debug|x64.ActiveCfg = Debug|Any CPU
		{8C554CA4-518B-43E2-9BF9-C99B55421D91}.Debug|x64.Build.0 = Debug|Any CPU
		{8C554CA4-518B-43E2-9BF9-C99B55421D91}.Debug|x86.ActiveCfg = Debug|Any CPU
		{8C554CA4-518B-43E2-9BF9-C99B55421D91}.Debug|x86.Build.0 = Debug|Any CPU
		{8C554CA4-518B-43E2-9BF9-C99B55421D91}.Release|Any CPU.ActiveCfg = Release|Any CPU
		{8C554CA4-518B-43E2-9BF9-C99B55421D91}.Release|Any CPU.Build.0 = Release|Any CPU
		{8C554CA4-518B-43E2-9BF9-C99B55421D91}.Release|x64.ActiveCfg = Release|Any CPU
		{8C554CA4-518B-43E2-9BF9-C99B55421D91}.Release|x64.Build.0 = Release|Any CPU
		{8C554CA4-518B-43E2-9BF9-C99B55421D91}.Release|x86.ActiveCfg = Release|Any CPU
		{8C554CA4-518B-43E2-9BF9-C99B55421D91}.Release|x86.Build.0 = Release|Any CPU
		{6165BA84-DA5E-4ED4-9ABB-4704B4407C7F}.Debug|Any CPU.ActiveCfg = Debug|Any CPU
		{6165BA84-DA5E-4ED4-9ABB-4704B4407C7F}.Debug|Any CPU.Build.0 = Debug|Any CPU
		{6165BA84-DA5E-4ED4-9ABB-4704B4407C7F}.Debug|x64.ActiveCfg = Debug|Any CPU
		{6165BA84-DA5E-4ED4-9ABB-4704B4407C7F}.Debug|x64.Build.0 = Debug|Any CPU
		{6165BA84-DA5E-4ED4-9ABB-4704B4407C7F}.Debug|x86.ActiveCfg = Debug|Any CPU
		{6165BA84-DA5E-4ED4-9ABB-4704B4407C7F}.Debug|x86.Build.0 = Debug|Any CPU
		{6165BA84-DA5E-4ED4-9ABB-4704B4407C7F}.Release|Any CPU.ActiveCfg = Release|Any CPU
		{6165BA84-DA5E-4ED4-9ABB-4704B4407C7F}.Release|Any CPU.Build.0 = Release|Any CPU
		{6165BA84-DA5E-4ED4-9ABB-4704B4407C7F}.Release|x64.ActiveCfg = Release|Any CPU
		{6165BA84-DA5E-4ED4-9ABB-4704B4407C7F}.Release|x64.Build.0 = Release|Any CPU
		{6165BA84-DA5E-4ED4-9ABB-4704B4407C7F}.Release|x86.ActiveCfg = Release|Any CPU
		{6165BA84-DA5E-4ED4-9ABB-4704B4407C7F}.Release|x86.Build.0 = Release|Any CPU
	EndGlobalSection
	GlobalSection(SolutionProperties) = preSolution
		HideSolutionNode = FALSE
	EndGlobalSection
EndGlobal
